{
  "markbot": "463469b450717a10229a5fad96b9e1a5e3e2f7bf38a021db7c04164a4b1e9acf",
  "index-320.png": "c7ffb797d85be3ba23a1f01465b7ce95f13dbc50d3335d1ce5d7e58bbd4ab95a",
  "index-400.png": "f9060142d8a746891e29184a02ef0f669daba5943fd7e5cb3b295126137977e4",
  "index-608.png": "9d27baed90092eea8c430e80691a112943c3fd7dee6f60a7ecef6379e60c2951",
  "index-960.png": "1c0af29a8c1a214c2baa9716d14048f69b7026713a2ed4a1e9d70d69870f01ad",
  "index-1440.png": "74807c851b7b2725776c2a4aa94d629a4ae7190a1be93a8d8dff0c1aedb18c56"
}